// !$*UTF8*$!
{
	archiveVersion = 1;
	classes = {
	};
	objectVersion = 55;
	objects = {

/* Begin PBXBuildFile section */
		462D0E2D289B600900AF1402 /* DeeplinkApp.swift in Sources */ = {isa = PBXBuildFile; fileRef = 462D0E2C289B600900AF1402 /* DeeplinkApp.swift */; };
		462D0E2F289B600900AF1402 /* ContentView.swift in Sources */ = {isa = PBXBuildFile; fileRef = 462D0E2E289B600900AF1402 /* ContentView.swift */; };
		462D0E31289B600A00AF1402 /* Assets.xcassets in Resources */ = {isa = PBXBuildFile; fileRef = 462D0E30289B600A00AF1402 /* Assets.xcassets */; };
		462D0E34289B600A00AF1402 /* Preview Assets.xcassets in Resources */ = {isa = PBXBuildFile; fileRef = 462D0E33289B600A00AF1402 /* Preview Assets.xcassets */; };
		462D0E3E289B600A00AF1402 /* DeeplinkTests.swift in Sources */ = {isa = PBXBuildFile; fileRef = 462D0E3D289B600A00AF1402 /* DeeplinkTests.swift */; };
		462D0E48289B600A00AF1402 /* DeeplinkUITests.swift in Sources */ = {isa = PBXBuildFile; fileRef = 462D0E47289B600A00AF1402 /* DeeplinkUITests.swift */; };
		462D0E4A289B600A00AF1402 /* DeeplinkUITestsLaunchTests.swift in Sources */ = {isa = PBXBuildFile; fileRef = 462D0E49289B600A00AF1402 /* DeeplinkUITestsLaunchTests.swift */; };
		462D0E58289B60B900AF1402 /* Coffee.swift in Sources */ = {isa = PBXBuildFile; fileRef = 462D0E57289B60B900AF1402 /* Coffee.swift */; };
		462D0E5B289B618100AF1402 /* Home.swift in Sources */ = {isa = PBXBuildFile; fileRef = 462D0E5A289B618100AF1402 /* Home.swift */; };
		462D0E5D289B61C700AF1402 /* AppDataModel.swift in Sources */ = {isa = PBXBuildFile; fileRef = 462D0E5C289B61C700AF1402 /* AppDataModel.swift */; };
/* End PBXBuildFile section */

/* Begin PBXContainerItemProxy section */
		462D0E3A289B600A00AF1402 /* PBXContainerItemProxy */ = {
			isa = PBXContainerItemProxy;
			containerPortal = 462D0E21289B600800AF1402 /* Project object */;
			proxyType = 1;
			remoteGlobalIDString = 462D0E28289B600900AF1402;
			remoteInfo = Deeplink;
		};
		462D0E44289B600A00AF1402 /* PBXContainerItemProxy */ = {
			isa = PBXContainerItemProxy;
			containerPortal = 462D0E21289B600800AF1402 /* Project object */;
			proxyType = 1;
			remoteGlobalIDString = 462D0E28289B600900AF1402;
			remoteInfo = Deeplink;
		};
/* End PBXContainerItemProxy section */

/* Begin PBXFileReference section */
		462D0E29289B600900AF1402 /* Deeplink.app */ = {isa = PBXFileReference; explicitFileType = wrapper.application; includeInIndex = 0; path = Deeplink.app; sourceTree = BUILT_PRODUCTS_DIR; };
		462D0E2C289B600900AF1402 /* DeeplinkApp.swift */ = {isa = PBXFileReference; lastKnownFileType = sourcecode.swift; path = DeeplinkApp.swift; sourceTree = "<group>"; };
		462D0E2E289B600900AF1402 /* ContentView.swift */ = {isa = PBXFileReference; lastKnownFileType = sourcecode.swift; path = ContentView.swift; sourceTree = "<group>"; };
		462D0E30289B600A00AF1402 /* Assets.xcassets */ = {isa = PBXFileReference; lastKnownFileType = folder.assetcatalog; path = Assets.xcassets; sourceTree = "<group>"; };
		462D0E33289B600A00AF1402 /* Preview Assets.xcassets */ = {isa = PBXFileReference; lastKnownFileType = folder.assetcatalog; path = "Preview Assets.xcassets"; sourceTree = "<group>"; };
		462D0E39289B600A00AF1402 /* DeeplinkTests.xctest */ = {isa = PBXFileReference; explicitFileType = wrapper.cfbundle; includeInIndex = 0; path = DeeplinkTests.xctest; sourceTree = BUILT_PRODUCTS_DIR; };
		462D0E3D289B600A00AF1402 /* DeeplinkTests.swift */ = {isa = PBXFileReference; lastKnownFileType = sourcecode.swift; path = DeeplinkTests.swift; sourceTree = "<group>"; };
		462D0E43289B600A00AF1402 /* DeeplinkUITests.xctest */ = {isa = PBXFileReference; explicitFileType = wrapper.cfbundle; includeInIndex = 0; path = DeeplinkUITests.xctest; sourceTree = BUILT_PRODUCTS_DIR; };
		462D0E47289B600A00AF1402 /* DeeplinkUITests.swift */ = {isa = PBXFileReference; lastKnownFileType = sourcecode.swift; path = DeeplinkUITests.swift; sourceTree = "<group>"; };
		462D0E49289B600A00AF1402 /* DeeplinkUITestsLaunchTests.swift */ = {isa = PBXFileReference; lastKnownFileType = sourcecode.swift; path = DeeplinkUITestsLaunchTests.swift; sourceTree = "<group>"; };
		462D0E57289B60B900AF1402 /* Coffee.swift */ = {isa = PBXFileReference; lastKnownFileType = sourcecode.swift; path = Coffee.swift; sourceTree = "<group>"; };
		462D0E5A289B618100AF1402 /* Home.swift */ = {isa = PBXFileReference; lastKnownFileType = sourcecode.swift; path = Home.swift; sourceTree = "<group>"; };
		462D0E5C289B61C700AF1402 /* AppDataModel.swift */ = {isa = PBXFileReference; lastKnownFileType = sourcecode.swift; path = AppDataModel.swift; sourceTree = "<group>"; };
		462D0E5E289B668500AF1402 /* Info.plist */ = {isa = PBXFileReference; lastKnownFileType = text.plist; path = Info.plist; sourceTree = "<group>"; };
/* End PBXFileReference section */

/* Begin PBXFrameworksBuildPhase section */
		462D0E26289B600900AF1402 /* Frameworks */ = {
			isa = PBXFrameworksBuildPhase;
			buildActionMask = 2147483647;
			files = (
			);
			runOnlyForDeploymentPostprocessing = 0;
		};
		462D0E36289B600A00AF1402 /* Frameworks */ = {
			isa = PBXFrameworksBuildPhase;
			buildActionMask = 2147483647;
			files = (
			);
			runOnlyForDeploymentPostprocessing = 0;
		};
		462D0E40289B600A00AF1402 /* Frameworks */ = {
			isa = PBXFrameworksBuildPhase;
			buildActionMask = 2147483647;
			files = (
			);
			runOnlyForDeploymentPostprocessing = 0;
		};
/* End PBXFrameworksBuildPhase section */

/* Begin PBXGroup section */
		462D0E20289B600800AF1402 = {
			isa = PBXGroup;
			children = (
				462D0E2B289B600900AF1402 /* Deeplink */,
				462D0E3C289B600A00AF1402 /* DeeplinkTests */,
				462D0E46289B600A00AF1402 /* DeeplinkUITests */,
				462D0E2A289B600900AF1402 /* Products */,
			);
			sourceTree = "<group>";
		};
		462D0E2A289B600900AF1402 /* Products */ = {
			isa = PBXGroup;
			children = (
				462D0E29289B600900AF1402 /* Deeplink.app */,
				462D0E39289B600A00AF1402 /* DeeplinkTests.xctest */,
				462D0E43289B600A00AF1402 /* DeeplinkUITests.xctest */,
			);
			name = Products;
			sourceTree = "<group>";
		};
		462D0E2B289B600900AF1402 /* Deeplink */ = {
			isa = PBXGroup;
			children = (
				462D0E5E289B668500AF1402 /* Info.plist */,
				462D0E59289B617A00AF1402 /* View */,
				462D0E56289B60A700AF1402 /* Model */,
				462D0E2C289B600900AF1402 /* DeeplinkApp.swift */,
				462D0E2E289B600900AF1402 /* ContentView.swift */,
				462D0E5C289B61C700AF1402 /* AppDataModel.swift */,
				462D0E30289B600A00AF1402 /* Assets.xcassets */,
				462D0E32289B600A00AF1402 /* Preview Content */,
			);
			path = Deeplink;
			sourceTree = "<group>";
		};
		462D0E32289B600A00AF1402 /* Preview Content */ = {
			isa = PBXGroup;
			children = (
				462D0E33289B600A00AF1402 /* Preview Assets.xcassets */,
			);
			path = "Preview Content";
			sourceTree = "<group>";
		};
		462D0E3C289B600A00AF1402 /* DeeplinkTests */ = {
			isa = PBXGroup;
			children = (
				462D0E3D289B600A00AF1402 /* DeeplinkTests.swift */,
			);
			path = DeeplinkTests;
			sourceTree = "<group>";
		};
		462D0E46289B600A00AF1402 /* DeeplinkUITests */ = {
			isa = PBXGroup;
			children = (
				462D0E47289B600A00AF1402 /* DeeplinkUITests.swift */,
				462D0E49289B600A00AF1402 /* DeeplinkUITestsLaunchTests.swift */,
			);
			path = DeeplinkUITests;
			sourceTree = "<group>";
		};
		462D0E56289B60A700AF1402 /* Model */ = {
			isa = PBXGroup;
			children = (
				462D0E57289B60B900AF1402 /* Coffee.swift */,
			);
			path = Model;
			sourceTree = "<group>";
		};
		462D0E59289B617A00AF1402 /* View */ = {
			isa = PBXGroup;
			children = (
				462D0E5A289B618100AF1402 /* Home.swift */,
			);
			path = View;
			sourceTree = "<group>";
		};
/* End PBXGroup section */

/* Begin PBXNativeTarget section */
		462D0E28289B600900AF1402 /* Deeplink */ = {
			isa = PBXNativeTarget;
			buildConfigurationList = 462D0E4D289B600A00AF1402 /* Build configuration list for PBXNativeTarget "Deeplink" */;
			buildPhases = (
				462D0E25289B600900AF1402 /* Sources */,
				462D0E26289B600900AF1402 /* Frameworks */,
				462D0E27289B600900AF1402 /* Resources */,
			);
			buildRules = (
			);
			dependencies = (
			);
			name = Deeplink;
			productName = Deeplink;
			productReference = 462D0E29289B600900AF1402 /* Deeplink.app */;
			productType = "com.apple.product-type.application";
		};
		462D0E38289B600A00AF1402 /* DeeplinkTests */ = {
			isa = PBXNativeTarget;
			buildConfigurationList = 462D0E50289B600A00AF1402 /* Build configuration list for PBXNativeTarget "DeeplinkTests" */;
			buildPhases = (
				462D0E35289B600A00AF1402 /* Sources */,
				462D0E36289B600A00AF1402 /* Frameworks */,
				462D0E37289B600A00AF1402 /* Resources */,
			);
			buildRules = (
			);
			dependencies = (
				462D0E3B289B600A00AF1402 /* PBXTargetDependency */,
			);
			name = DeeplinkTests;
			productName = DeeplinkTests;
			productReference = 462D0E39289B600A00AF1402 /* DeeplinkTests.xctest */;
			productType = "com.apple.product-type.bundle.unit-test";
		};
		462D0E42289B600A00AF1402 /* DeeplinkUITests */ = {
			isa = PBXNativeTarget;
			buildConfigurationList = 462D0E53289B600A00AF1402 /* Build configuration list for PBXNativeTarget "DeeplinkUITests" */;
			buildPhases = (
				462D0E3F289B600A00AF1402 /* Sources */,
				462D0E40289B600A00AF1402 /* Frameworks */,
				462D0E41289B600A00AF1402 /* Resources */,
			);
			buildRules = (
			);
			dependencies = (
				462D0E45289B600A00AF1402 /* PBXTargetDependency */,
			);
			name = DeeplinkUITests;
			productName = DeeplinkUITests;
			productReference = 462D0E43289B600A00AF1402 /* DeeplinkUITests.xctest */;
			productType = "com.apple.product-type.bundle.ui-testing";
		};
/* End PBXNativeTarget section */

/* Begin PBXProject section */
		462D0E21289B600800AF1402 /* Project object */ = {
			isa = PBXProject;
			attributes = {
				BuildIndependentTargetsInParallel = 1;
				LastSwiftUpdateCheck = 1330;
				LastUpgradeCheck = 1330;
				TargetAttributes = {
					462D0E28289B600900AF1402 = {
						CreatedOnToolsVersion = 13.3;
					};
					462D0E38289B600A00AF1402 = {
						CreatedOnToolsVersion = 13.3;
						TestTargetID = 462D0E28289B600900AF1402;
					};
					462D0E42289B600A00AF1402 = {
						CreatedOnToolsVersion = 13.3;
						TestTargetID = 462D0E28289B600900AF1402;
					};
				};
			};
			buildConfigurationList = 462D0E24289B600800AF1402 /* Build configuration list for PBXProject "Deeplink" */;
			compatibilityVersion = "Xcode 13.0";
			developmentRegion = en;
			hasScannedForEncodings = 0;
			knownRegions = (
				en,
				Base,
			);
			mainGroup = 462D0E20289B600800AF1402;
			productRefGroup = 462D0E2A289B600900AF1402 /* Products */;
			projectDirPath = "";
			projectRoot = "";
			targets = (
				462D0E28289B600900AF1402 /* Deeplink */,
				462D0E38289B600A00AF1402 /* DeeplinkTests */,
				462D0E42289B600A00AF1402 /* DeeplinkUITests */,
			);
		};
/* End PBXProject section */

/* Begin PBXResourcesBuildPhase section */
		462D0E27289B600900AF1402 /* Resources */ = {
			isa = PBXResourcesBuildPhase;
			buildActionMask = 2147483647;
			files = (
				462D0E34289B600A00AF1402 /* Preview Assets.xcassets in Resources */,
				462D0E31289B600A00AF1402 /* Assets.xcassets in Resources */,
			);
			runOnlyForDeploymentPostprocessing = 0;
		};
		462D0E37289B600A00AF1402 /* Resources */ = {
			isa = PBXResourcesBuildPhase;
			buildActionMask = 2147483647;
			files = (
			);
			runOnlyForDeploymentPostprocessing = 0;
		};
		462D0E41289B600A00AF1402 /* Resources */ = {
			isa = PBXResourcesBuildPhase;
			buildActionMask = 2147483647;
			files = (
			);
			runOnlyForDeploymentPostprocessing = 0;
		};
/* End PBXResourcesBuildPhase section */

/* Begin PBXSourcesBuildPhase section */
		462D0E25289B600900AF1402 /* Sources */ = {
			isa = PBXSourcesBuildPhase;
			buildActionMask = 2147483647;
			files = (
				462D0E2F289B600900AF1402 /* ContentView.swift in Sources */,
				462D0E2D289B600900AF1402 /* DeeplinkApp.swift in Sources */,
				462D0E5B289B618100AF1402 /* Home.swift in Sources */,
				462D0E58289B60B900AF1402 /* Coffee.swift in Sources */,
				462D0E5D289B61C700AF1402 /* AppDataModel.swift in Sources */,
			);
			runOnlyForDeploymentPostprocessing = 0;
		};
		462D0E35289B600A00AF1402 /* Sources */ = {
			isa = PBXSourcesBuildPhase;
			buildActionMask = 2147483647;
			files = (
				462D0E3E289B600A00AF1402 /* DeeplinkTests.swift in Sources */,
			);
			runOnlyForDeploymentPostprocessing = 0;
		};
		462D0E3F289B600A00AF1402 /* Sources */ = {
			isa = PBXSourcesBuildPhase;
			buildActionMask = 2147483647;
			files = (
				462D0E4A289B600A00AF1402 /* DeeplinkUITestsLaunchTests.swift in Sources */,
				462D0E48289B600A00AF1402 /* DeeplinkUITests.swift in Sources */,
			);
			runOnlyForDeploymentPostprocessing = 0;
		};
/* End PBXSourcesBuildPhase section */

/* Begin PBXTargetDependency section */
		462D0E3B289B600A00AF1402 /* PBXTargetDependency */ = {
			isa = PBXTargetDependency;
			target = 462D0E28289B600900AF1402 /* Deeplink */;
			targetProxy = 462D0E3A289B600A00AF1402 /* PBXContainerItemProxy */;
		};
		462D0E45289B600A00AF1402 /* PBXTargetDependency */ = {
			isa = PBXTargetDependency;
			target = 462D0E28289B600900AF1402 /* Deeplink */;
			targetProxy = 462D0E44289B600A00AF1402 /* PBXContainerItemProxy */;
		};
/* End PBXTargetDependency section */

/* Begin XCBuildConfiguration section */
		462D0E4B289B600A00AF1402 /* Debug */ = {
			isa = XCBuildConfiguration;
			buildSettings = {
				ALWAYS_SEARCH_USER_PATHS = NO;
				CLANG_ANALYZER_NONNULL = YES;
				CLANG_ANALYZER_NUMBER_OBJECT_CONVERSION = YES_AGGRESSIVE;
				CLANG_CXX_LANGUAGE_STANDARD = "gnu++17";
				CLANG_ENABLE_MODULES = YES;
				CLANG_ENABLE_OBJC_ARC = YES;
				CLANG_ENABLE_OBJC_WEAK = YES;
				CLANG_WARN_BLOCK_CAPTURE_AUTORELEASING = YES;
				CLANG_WARN_BOOL_CONVERSION = YES;
				CLANG_WARN_COMMA = YES;
				CLANG_WARN_CONSTANT_CONVERSION = YES;
				CLANG_WARN_DEPRECATED_OBJC_IMPLEMENTATIONS = YES;
				CLANG_WARN_DIRECT_OBJC_ISA_USAGE = YES_ERROR;
				CLANG_WARN_DOCUMENTATION_COMMENTS = YES;
				CLANG_WARN_EMPTY_BODY = YES;
				CLANG_WARN_ENUM_CONVERSION = YES;
				CLANG_WARN_INFINITE_RECURSION = YES;
				CLANG_WARN_INT_CONVERSION = YES;
				CLANG_WARN_NON_LITERAL_NULL_CONVERSION = YES;
				CLANG_WARN_OBJC_IMPLICIT_RETAIN_SELF = YES;
				CLANG_WARN_OBJC_LITERAL_CONVERSION = YES;
				CLANG_WARN_OBJC_ROOT_CLASS = YES_ERROR;
				CLANG_WARN_QUOTED_INCLUDE_IN_FRAMEWORK_HEADER = YES;
				CLANG_WARN_RANGE_LOOP_ANALYSIS = YES;
				CLANG_WARN_STRICT_PROTOTYPES = YES;
				CLANG_WARN_SUSPICIOUS_MOVE = YES;
				CLANG_WARN_UNGUARDED_AVAILABILITY = YES_AGGRESSIVE;
				CLANG_WARN_UNREACHABLE_CODE = YES;
				CLANG_WARN__DUPLICATE_METHOD_MATCH = YES;
				COPY_PHASE_STRIP = NO;
				DEBUG_INFORMATION_FORMAT = dwarf;
				ENABLE_STRICT_OBJC_MSGSEND = YES;
				ENABLE_TESTABILITY = YES;
				GCC_C_LANGUAGE_STANDARD = gnu11;
				GCC_DYNAMIC_NO_PIC = NO;
				GCC_NO_COMMON_BLOCKS = YES;
				GCC_OPTIMIZATION_LEVEL = 0;
				GCC_PREPROCESSOR_DEFINITIONS = (
					"DEBUG=1",
					"$(inherited)",
				);
				GCC_WARN_64_TO_32_BIT_CONVERSION = YES;
				GCC_WARN_ABOUT_RETURN_TYPE = YES_ERROR;
				GCC_WARN_UNDECLARED_SELECTOR = YES;
				GCC_WARN_UNINITIALIZED_AUTOS = YES_AGGRESSIVE;
				GCC_WARN_UNUSED_FUNCTION = YES;
				GCC_WARN_UNUSED_VARIABLE = YES;
				IPHONEOS_DEPLOYMENT_TARGET = 15.4;
				MTL_ENABLE_DEBUG_INFO = INCLUDE_SOURCE;
				MTL_FAST_MATH = YES;
				ONLY_ACTIVE_ARCH = YES;
				SDKROOT = iphoneos;
				SWIFT_ACTIVE_COMPILATION_CONDITIONS = DEBUG;
				SWIFT_OPTIMIZATION_LEVEL = "-Onone";
			};
			name = Debug;
		};
		462D0E4C289B600A00AF1402 /* Release */ = {
			isa = XCBuildConfiguration;
			buildSettings = {
				ALWAYS_SEARCH_USER_PATHS = NO;
				CLANG_ANALYZER_NONNULL = YES;
				CLANG_ANALYZER_NUMBER_OBJECT_CONVERSION = YES_AGGRESSIVE;
				CLANG_CXX_LANGUAGE_STANDARD = "gnu++17";
				CLANG_ENABLE_MODULES = YES;
				CLANG_ENABLE_OBJC_ARC = YES;
				CLANG_ENABLE_OBJC_WEAK = YES;
				CLANG_WARN_BLOCK_CAPTURE_AUTORELEASING = YES;
				CLANG_WARN_BOOL_CONVERSION = YES;
				CLANG_WARN_COMMA = YES;
				CLANG_WARN_CONSTANT_CONVERSION = YES;
				CLANG_WARN_DEPRECATED_OBJC_IMPLEMENTATIONS = YES;
				CLANG_WARN_DIRECT_OBJC_ISA_USAGE = YES_ERROR;
				CLANG_WARN_DOCUMENTATION_COMMENTS = YES;
				CLANG_WARN_EMPTY_BODY = YES;
				CLANG_WARN_ENUM_CONVERSION = YES;
				CLANG_WARN_INFINITE_RECURSION = YES;
				CLANG_WARN_INT_CONVERSION = YES;
				CLANG_WARN_NON_LITERAL_NULL_CONVERSION = YES;
				CLANG_WARN_OBJC_IMPLICIT_RETAIN_SELF = YES;
				CLANG_WARN_OBJC_LITERAL_CONVERSION = YES;
				CLANG_WARN_OBJC_ROOT_CLASS = YES_ERROR;
				CLANG_WARN_QUOTED_INCLUDE_IN_FRAMEWORK_HEADER = YES;
				CLANG_WARN_RANGE_LOOP_ANALYSIS = YES;
				CLANG_WARN_STRICT_PROTOTYPES = YES;
				CLANG_WARN_SUSPICIOUS_MOVE = YES;
				CLANG_WARN_UNGUARDED_AVAILABILITY = YES_AGGRESSIVE;
				CLANG_WARN_UNREACHABLE_CODE = YES;
				CLANG_WARN__DUPLICATE_METHOD_MATCH = YES;
				COPY_PHASE_STRIP = NO;
				DEBUG_INFORMATION_FORMAT = "dwarf-with-dsym";
				ENABLE_NS_ASSERTIONS = NO;
				ENABLE_STRICT_OBJC_MSGSEND = YES;
				GCC_C_LANGUAGE_STANDARD = gnu11;
				GCC_NO_COMMON_BLOCKS = YES;
				GCC_WARN_64_TO_32_BIT_CONVERSION = YES;
				GCC_WARN_ABOUT_RETURN_TYPE = YES_ERROR;
				GCC_WARN_UNDECLARED_SELECTOR = YES;
				GCC_WARN_UNINITIALIZED_AUTOS = YES_AGGRESSIVE;
				GCC_WARN_UNUSED_FUNCTION = YES;
				GCC_WARN_UNUSED_VARIABLE = YES;
				IPHONEOS_DEPLOYMENT_TARGET = 15.4;
				MTL_ENABLE_DEBUG_INFO = NO;
				MTL_FAST_MATH = YES;
				SDKROOT = iphoneos;
				SWIFT_COMPILATION_MODE = wholemodule;
				SWIFT_OPTIMIZATION_LEVEL = "-O";
				VALIDATE_PRODUCT = YES;
			};
			name = Release;
		};
		462D0E4E289B600A00AF1402 /* Debug */ = {
			isa = XCBuildConfiguration;
			buildSettings = {
				ASSETCATALOG_COMPILER_APPICON_NAME = AppIcon;
				ASSETCATALOG_COMPILER_GLOBAL_ACCENT_COLOR_NAME = AccentColor;
				CODE_SIGN_STYLE = Automatic;
				CURRENT_PROJECT_VERSION = 1;
				DEVELOPMENT_ASSET_PATHS = "\"Deeplink/Preview Content\"";
				DEVELOPMENT_TEAM = YD583LK6L6;
				ENABLE_PREVIEWS = YES;
				GENERATE_INFOPLIST_FILE = YES;
				INFOPLIST_FILE = Deeplink/Info.plist;
				INFOPLIST_KEY_UIApplicationSceneManifest_Generation = YES;
				INFOPLIST_KEY_UIApplicationSupportsIndirectInputEvents = YES;
				INFOPLIST_KEY_UILaunchScreen_Generation = YES;
				INFOPLIST_KEY_UISupportedInterfaceOrientations_iPad = "UIInterfaceOrientationPortrait UIInterfaceOrientationPortraitUpsideDown UIInterfaceOrientationLandscapeLeft UIInterfaceOrientationLandscapeRight";
				INFOPLIST_KEY_UISupportedInterfaceOrientations_iPhone = "UIInterfaceOrientationPortrait UIInterfaceOrientationLandscapeLeft UIInterfaceOrientationLandscapeRight";
				LD_RUNPATH_SEARCH_PATHS = (
					"$(inherited)",
					"@executable_path/Frameworks",
				);
				MARKETING_VERSION = 1.0;
				PRODUCT_BUNDLE_IDENTIFIER = com.io.startrip.Deeplink;
				PRODUCT_NAME = "$(TARGET_NAME)";
				SWIFT_EMIT_LOC_STRINGS = YES;
				SWIFT_VERSION = 5.0;
				TARGETED_DEVICE_FAMILY = "1,2";
			};
			name = Debug;
		};
		462D0E4F289B600A00AF1402 /* Release */ = {
			isa = XCBuildConfiguration;
			buildSettings = {
				ASSETCATALOG_COMPILER_APPICON_NAME = AppIcon;
				ASSETCATALOG_COMPILER_GLOBAL_ACCENT_COLOR_NAME = AccentColor;
				CODE_SIGN_STYLE = Automatic;
				CURRENT_PROJECT_VERSION = 1;
				DEVELOPMENT_ASSET_PATHS = "\"Deeplink/Preview Content\"";
				DEVELOPMENT_TEAM = YD583LK6L6;
				ENABLE_PREVIEWS = YES;
				GENERATE_INFOPLIST_FILE = YES;
				INFOPLIST_FILE = Deeplink/Info.plist;
				INFOPLIST_KEY_UIApplicationSceneManifest_Generation = YES;
				INFOPLIST_KEY_UIApplicationSupportsIndirectInputEvents = YES;
				INFOPLIST_KEY_UILaunchScreen_Generation = YES;
				INFOPLIST_KEY_UISupportedInterfaceOrientations_iPad = "UIInterfaceOrientationPortrait UIInterfaceOrientationPortraitUpsideDown UIInterfaceOrientationLandscapeLeft UIInterfaceOrientationLandscapeRight";
				INFOPLIST_KEY_UISupportedInterfaceOrientations_iPhone = "UIInterfaceOrientationPortrait UIInterfaceOrientationLandscapeLeft UIInterfaceOrientationLandscapeRight";
				LD_RUNPATH_SEARCH_PATHS = (
					"$(inherited)",
					"@executable_path/Frameworks",
				);
				MARKETING_VERSION = 1.0;
				PRODUCT_BUNDLE_IDENTIFIER = com.io.startrip.Deeplink;
				PRODUCT_NAME = "$(TARGET_NAME)";
				SWIFT_EMIT_LOC_STRINGS = YES;
				SWIFT_VERSION = 5.0;
				TARGETED_DEVICE_FAMILY = "1,2";
			};
			name = Release;
		};
		462D0E51289B600A00AF1402 /* Debug */ = {
			isa = XCBuildConfiguration;
			buildSettings = {
				ALWAYS_EMBED_SWIFT_STANDARD_LIBRARIES = YES;
				BUNDLE_LOADER = "$(TEST_HOST)";
				CODE_SIGN_STYLE = Automatic;
				CURRENT_PROJECT_VERSION = 1;
				DEVELOPMENT_TEAM = YD583LK6L6;
				GENERATE_INFOPLIST_FILE = YES;
				IPHONEOS_DEPLOYMENT_TARGET = 15.4;
				MARKETING_VERSION = 1.0;
				PRODUCT_BUNDLE_IDENTIFIER = com.io.startrip.DeeplinkTests;
				PRODUCT_NAME = "$(TARGET_NAME)";
				SWIFT_EMIT_LOC_STRINGS = NO;
				SWIFT_VERSION = 5.0;
				TARGETED_DEVICE_FAMILY = "1,2";
				TEST_HOST = "$(BUILT_PRODUCTS_DIR)/Deeplink.app/Deeplink";
			};
			name = Debug;
		};
		462D0E52289B600A00AF1402 /* Release */ = {
			isa = XCBuildConfiguration;
			buildSettings = {
				ALWAYS_EMBED_SWIFT_STANDARD_LIBRARIES = YES;
				BUNDLE_LOADER = "$(TEST_HOST)";
				CODE_SIGN_STYLE = Automatic;
				CURRENT_PROJECT_VERSION = 1;
				DEVELOPMENT_TEAM = YD583LK6L6;
				GENERATE_INFOPLIST_FILE = YES;
				IPHONEOS_DEPLOYMENT_TARGET = 15.4;
				MARKETING_VERSION = 1.0;
				PRODUCT_BUNDLE_IDENTIFIER = com.io.startrip.DeeplinkTests;
				PRODUCT_NAME = "$(TARGET_NAME)";
				SWIFT_EMIT_LOC_STRINGS = NO;
				SWIFT_VERSION = 5.0;
				TARGETED_DEVICE_FAMILY = "1,2";
				TEST_HOST = "$(BUILT_PRODUCTS_DIR)/Deeplink.app/Deeplink";
			};
			name = Release;
		};
		462D0E54289B600A00AF1402 /* Debug */ = {
			isa = XCBuildConfiguration;
			buildSettings = {
				ALWAYS_EMBED_SWIFT_STANDARD_LIBRARIES = YES;
				CODE_SIGN_STYLE = Automatic;
				CURRENT_PROJECT_VERSION = 1;
				DEVELOPMENT_TEAM = YD583LK6L6;
				GENERATE_INFOPLIST_FILE = YES;
				MARKETING_VERSION = 1.0;
				PRODUCT_BUNDLE_IDENTIFIER = com.io.startrip.DeeplinkUITests;
				PRODUCT_NAME = "$(TARGET_NAME)";
				SWIFT_EMIT_LOC_STRINGS = NO;
				SWIFT_VERSION = 5.0;
				TARGETED_DEVICE_FAMILY = "1,2";
				TEST_TARGET_NAME = Deeplink;
			};
			name = Debug;
		};
		462D0E55289B600A00AF1402 /* Release */ = {
			isa = XCBuildConfiguration;
			buildSettings = {
				ALWAYS_EMBED_SWIFT_STANDARD_LIBRARIES = YES;
				CODE_SIGN_STYLE = Automatic;
				CURRENT_PROJECT_VERSION = 1;
				DEVELOPMENT_TEAM = YD583LK6L6;
				GENERATE_INFOPLIST_FILE = YES;
				MARKETING_VERSION = 1.0;
				PRODUCT_BUNDLE_IDENTIFIER = com.io.startrip.DeeplinkUITests;
				PRODUCT_NAME = "$(TARGET_NAME)";
				SWIFT_EMIT_LOC_STRINGS = NO;
				SWIFT_VERSION = 5.0;
				TARGETED_DEVICE_FAMILY = "1,2";
				TEST_TARGET_NAME = Deeplink;
			};
			name = Release;
		};
/* End XCBuildConfiguration section */

/* Begin XCConfigurationList section */
		462D0E24289B600800AF1402 /* Build configuration list for PBXProject "Deeplink" */ = {
			isa = XCConfigurationList;
			buildConfigurations = (
				462D0E4B289B600A00AF1402 /* Debug */,
				462D0E4C289B600A00AF1402 /* Release */,
			);
			defaultConfigurationIsVisible = 0;
			defaultConfigurationName = Release;
		};
		462D0E4D289B600A00AF1402 /* Build configuration list for PBXNativeTarget "Deeplink" */ = {
			isa = XCConfigurationList;
			buildConfigurations = (
				462D0E4E289B600A00AF1402 /* Debug */,
				462D0E4F289B600A00AF1402 /* Release */,
			);
			defaultConfigurationIsVisible = 0;
			defaultConfigurationName = Release;
		};
		462D0E50289B600A00AF1402 /* Build configuration list for PBXNativeTarget "DeeplinkTests" */ = {
			isa = XCConfigurationList;
			buildConfigurations = (
				462D0E51289B600A00AF1402 /* Debug */,
				462D0E52289B600A00AF1402 /* Release */,
			);
			defaultConfigurationIsVisible = 0;
			defaultConfigurationName = Release;
		};
		462D0E53289B600A00AF1402 /* Build configuration list for PBXNativeTarget "DeeplinkUITests" */ = {
			isa = XCConfigurationList;
			buildConfigurations = (
				462D0E54289B600A00AF1402 /* Debug */,
				462D0E55289B600A00AF1402 /* Release */,
			);
			defaultConfigurationIsVisible = 0;
			defaultConfigurationName = Release;
		};
/* End XCConfigurationList section */
	};
	rootObject = 462D0E21289B600800AF1402 /* Project object */;
}
